{
  "version": 4,
  "terraform_version": "1.12.1",
  "serial": 22,
  "lineage": "aee5ac7a-ab15-17cd-7e5c-d00d4a3feb4a",
  "outputs": {
    "private_key_path": {
      "value": "C:\\Users\\eashi\\.ssh\\my-key-pair.pem",
      "type": "string"
    },
    "public_ip": {
      "value": "3.0.58.131",
      "type": "string"
    },
    "ubuntu_ami_id": {
      "value": "ami-069cb3204f7a90763",
      "type": "string"
    },
    "ubuntu_ami_name": {
      "value": "ubuntu/images/hvm-ssd-gp3/ubuntu-noble-24.04-amd64-server-20250530",
      "type": "string"
    }
  },
  "resources": [
    {
      "mode": "data",
      "type": "aws_ami",
      "name": "ubuntu",
      "provider": "provider[\"registry.terraform.io/hashicorp/aws\"]",
      "instances": [
        {
          "schema_version": 0,
          "attributes": {
            "architecture": "x86_64",
            "arn": "arn:aws:ec2:ap-southeast-1::image/ami-069cb3204f7a90763",
            "block_device_mappings": [
              {
                "device_name": "/dev/sda1",
                "ebs": {
                  "delete_on_termination": "true",
                  "encrypted": "false",
                  "iops": "0",
                  "snapshot_id": "snap-0d05ad015191cf803",
                  "throughput": "0",
                  "volume_size": "8",
                  "volume_type": "gp3"
                },
                "no_device": "",
                "virtual_name": ""
              },
              {
                "device_name": "/dev/sdb",
                "ebs": {},
                "no_device": "",
                "virtual_name": "ephemeral0"
              },
              {
                "device_name": "/dev/sdc",
                "ebs": {},
                "no_device": "",
                "virtual_name": "ephemeral1"
              }
            ],
            "boot_mode": "uefi-preferred",
            "creation_date": "2025-05-30T10:40:41.000Z",
            "deprecation_time": "2027-05-30T10:40:41.000Z",
            "description": "Canonical, Ubuntu, 24.04, amd64 noble image",
            "ena_support": true,
            "executable_users": null,
            "filter": [
              {
                "name": "architecture",
                "values": [
                  "x86_64"
                ]
              },
              {
                "name": "name",
                "values": [
                  "*ubuntu-noble-24.04-amd64-server-*"
                ]
              },
              {
                "name": "root-device-type",
                "values": [
                  "ebs"
                ]
              },
              {
                "name": "virtualization-type",
                "values": [
                  "hvm"
                ]
              }
            ],
            "hypervisor": "xen",
            "id": "ami-069cb3204f7a90763",
            "image_id": "ami-069cb3204f7a90763",
            "image_location": "amazon/ubuntu/images/hvm-ssd-gp3/ubuntu-noble-24.04-amd64-server-20250530",
            "image_owner_alias": "amazon",
            "image_type": "machine",
            "imds_support": "v2.0",
            "include_deprecated": false,
            "kernel_id": "",
            "last_launched_time": "",
            "most_recent": true,
            "name": "ubuntu/images/hvm-ssd-gp3/ubuntu-noble-24.04-amd64-server-20250530",
            "name_regex": null,
            "owner_id": "099720109477",
            "owners": [
              "099720109477"
            ],
            "platform": "",
            "platform_details": "Linux/UNIX",
            "product_codes": [],
            "public": true,
            "ramdisk_id": "",
            "root_device_name": "/dev/sda1",
            "root_device_type": "ebs",
            "root_snapshot_id": "snap-0d05ad015191cf803",
            "sriov_net_support": "simple",
            "state": "available",
            "state_reason": {
              "code": "UNSET",
              "message": "UNSET"
            },
            "tags": {},
            "timeouts": null,
            "tpm_support": "",
            "uefi_data": null,
            "usage_operation": "RunInstances",
            "virtualization_type": "hvm"
          },
          "sensitive_attributes": [],
          "identity_schema_version": 0
        }
      ]
    },
    {
      "mode": "managed",
      "type": "aws_eip",
      "name": "nat",
      "provider": "provider[\"registry.terraform.io/hashicorp/aws\"]",
      "instances": [
        {
          "schema_version": 0,
          "attributes": {
            "address": null,
            "allocation_id": "eipalloc-097bc0667f0f04fd8",
            "arn": "arn:aws:ec2:ap-southeast-1:058264177367:elastic-ip/eipalloc-097bc0667f0f04fd8",
            "associate_with_private_ip": null,
            "association_id": "",
            "carrier_ip": "",
            "customer_owned_ip": "",
            "customer_owned_ipv4_pool": "",
            "domain": "vpc",
            "id": "eipalloc-097bc0667f0f04fd8",
            "instance": "",
            "ipam_pool_id": null,
            "network_border_group": "ap-southeast-1",
            "network_interface": "",
            "private_dns": null,
            "private_ip": "",
            "ptr_record": "",
            "public_dns": "ec2-3-1-252-95.ap-southeast-1.compute.amazonaws.com",
            "public_ip": "3.1.252.95",
            "public_ipv4_pool": "amazon",
            "tags": {
              "Name": "development-nat"
            },
            "tags_all": {
              "Name": "development-nat"
            },
            "timeouts": null,
            "vpc": true
          },
          "sensitive_attributes": [],
          "identity_schema_version": 0,
          "private": "eyJlMmJmYjczMC1lY2FhLTExZTYtOGY4OC0zNDM2M2JjN2M0YzAiOnsiZGVsZXRlIjoxODAwMDAwMDAwMDAsInJlYWQiOjkwMDAwMDAwMDAwMCwidXBkYXRlIjozMDAwMDAwMDAwMDB9fQ=="
        }
      ]
    },
    {
      "mode": "managed",
      "type": "aws_instance",
      "name": "web",
      "provider": "provider[\"registry.terraform.io/hashicorp/aws\"]",
      "instances": [
        {
          "schema_version": 1,
          "attributes": {
            "ami": "ami-069cb3204f7a90763",
            "arn": "arn:aws:ec2:ap-southeast-1:058264177367:instance/i-0376731e83371c023",
            "associate_public_ip_address": true,
            "availability_zone": "ap-southeast-1a",
            "capacity_reservation_specification": [
              {
                "capacity_reservation_preference": "open",
                "capacity_reservation_target": []
              }
            ],
            "cpu_core_count": 1,
            "cpu_options": [
              {
                "amd_sev_snp": "",
                "core_count": 1,
                "threads_per_core": 2
              }
            ],
            "cpu_threads_per_core": 2,
            "credit_specification": [
              {
                "cpu_credits": "unlimited"
              }
            ],
            "disable_api_stop": false,
            "disable_api_termination": false,
            "ebs_block_device": [],
            "ebs_optimized": false,
            "enable_primary_ipv6": null,
            "enclave_options": [
              {
                "enabled": false
              }
            ],
            "ephemeral_block_device": [],
            "get_password_data": false,
            "hibernation": false,
            "host_id": "",
            "host_resource_group_arn": null,
            "iam_instance_profile": "",
            "id": "i-0376731e83371c023",
            "instance_initiated_shutdown_behavior": "stop",
            "instance_lifecycle": "",
            "instance_market_options": [],
            "instance_state": "running",
            "instance_type": "t3.medium",
            "ipv6_address_count": 0,
            "ipv6_addresses": [],
            "key_name": "my-key-pair",
            "launch_template": [],
            "maintenance_options": [
              {
                "auto_recovery": "default"
              }
            ],
            "metadata_options": [
              {
                "http_endpoint": "enabled",
                "http_protocol_ipv6": "disabled",
                "http_put_response_hop_limit": 2,
                "http_tokens": "required",
                "instance_metadata_tags": "disabled"
              }
            ],
            "monitoring": false,
            "network_interface": [],
            "outpost_arn": "",
            "password_data": "",
            "placement_group": "",
            "placement_partition_number": 0,
            "primary_network_interface_id": "eni-045594d22b2c2379c",
            "private_dns": "ip-10-0-87-121.ap-southeast-1.compute.internal",
            "private_dns_name_options": [
              {
                "enable_resource_name_dns_a_record": false,
                "enable_resource_name_dns_aaaa_record": false,
                "hostname_type": "ip-name"
              }
            ],
            "private_ip": "10.0.87.121",
            "public_dns": "ec2-3-0-58-131.ap-southeast-1.compute.amazonaws.com",
            "public_ip": "3.0.58.131",
            "root_block_device": [
              {
                "delete_on_termination": true,
                "device_name": "/dev/sda1",
                "encrypted": true,
                "iops": 3000,
                "kms_key_id": "arn:aws:kms:ap-southeast-1:058264177367:key/0c31d5c7-a4ee-4e08-937c-382e3d709969",
                "tags": null,
                "tags_all": {},
                "throughput": 125,
                "volume_id": "vol-00e02e4adb41ad164",
                "volume_size": 60,
                "volume_type": "gp3"
              }
            ],
            "secondary_private_ips": [],
            "security_groups": [],
            "source_dest_check": true,
            "spot_instance_request_id": "",
            "subnet_id": "subnet-020bd4f8e4308d421",
            "tags": {
              "Env": "dev",
              "Project": "demo"
            },
            "tags_all": {
              "Env": "dev",
              "Project": "demo"
            },
            "tenancy": "default",
            "timeouts": null,
            "user_data": null,
            "user_data_base64": null,
            "user_data_replace_on_change": false,
            "volume_tags": null,
            "vpc_security_group_ids": [
              "sg-0db2889d6c7980d53"
            ]
          },
          "sensitive_attributes": [],
          "identity_schema_version": 0,
          "private": "eyJlMmJmYjczMC1lY2FhLTExZTYtOGY4OC0zNDM2M2JjN2M0YzAiOnsiY3JlYXRlIjo2MDAwMDAwMDAwMDAsImRlbGV0ZSI6MTIwMDAwMDAwMDAwMCwicmVhZCI6OTAwMDAwMDAwMDAwLCJ1cGRhdGUiOjYwMDAwMDAwMDAwMH0sInNjaGVtYV92ZXJzaW9uIjoiMSJ9",
          "dependencies": [
            "aws_key_pair.generated_key",
            "aws_security_group.allow_ssh_http",
            "aws_subnet.public_zone1",
            "aws_vpc.main",
            "data.aws_ami.ubuntu",
            "tls_private_key.ssh_key"
          ]
        }
      ]
    },
    {
      "mode": "managed",
      "type": "aws_internet_gateway",
      "name": "igw",
      "provider": "provider[\"registry.terraform.io/hashicorp/aws\"]",
      "instances": [
        {
          "schema_version": 0,
          "attributes": {
            "arn": "arn:aws:ec2:ap-southeast-1:058264177367:internet-gateway/igw-0536fcbcb32e29524",
            "id": "igw-0536fcbcb32e29524",
            "owner_id": "058264177367",
            "tags": {
              "Name": "development-igw"
            },
            "tags_all": {
              "Name": "development-igw"
            },
            "timeouts": null,
            "vpc_id": "vpc-0e617fd8dbcc4efb6"
          },
          "sensitive_attributes": [],
          "identity_schema_version": 0,
          "private": "eyJlMmJmYjczMC1lY2FhLTExZTYtOGY4OC0zNDM2M2JjN2M0YzAiOnsiY3JlYXRlIjoxMjAwMDAwMDAwMDAwLCJkZWxldGUiOjEyMDAwMDAwMDAwMDAsInVwZGF0ZSI6MTIwMDAwMDAwMDAwMH19",
          "dependencies": [
            "aws_vpc.main"
          ]
        }
      ]
    },
    {
      "mode": "managed",
      "type": "aws_key_pair",
      "name": "generated_key",
      "provider": "provider[\"registry.terraform.io/hashicorp/aws\"]",
      "instances": [
        {
          "schema_version": 1,
          "attributes": {
            "arn": "arn:aws:ec2:ap-southeast-1:058264177367:key-pair/my-key-pair",
            "fingerprint": "69:f8:45:97:1f:f2:ea:3e:2b:95:a8:00:90:a9:3e:15",
            "id": "my-key-pair",
            "key_name": "my-key-pair",
            "key_name_prefix": "",
            "key_pair_id": "key-09601c0f2c7c9acac",
            "key_type": "rsa",
            "public_key": "ssh-rsa AAAAB3NzaC1yc2EAAAADAQABAAACAQDBK1VGju0r0XxhBJdo6PiwNZ2Zh8nc0t/N+bqo1/tBSsSKAXOPK77nV4et37wFEgttg2CxUmvC36Pr1UuVjHs7zvZZsFelpYftafhGwqM851mGgsNaFFz8/6EgeZrwhDg7LXvTvz9C1EQxyorIU+YN2wAVi8Hxa/biReVYM9+8jANKmP2SEPTssFnocq8WxiiWSZ/y3mYOkUQhhi/X2wFT9N9zNjCeL/UY6tESj/PHQUkR6Q7pZr3NLgMyTuzejz2SCQtsUFvIHMR1WrAdIeFUGYerb1pdYfFjDCHU7CE8iBjaAXhzJrAOdnSYiwth4GmvzG65Z3CHcwmVxf2D4sBdXx6ahtKEyJaeADM375rLLZ5YJunS9IX+LKGqPu8JVVCr3xvUCyawxo6XriQq6uTwHw/xpuHDtraQiHVJatyCvhjae66133wji9k5BH4kmCwZ+K5+CfMAiX1jWOzInvGRj2NtSWNBN8O0iekNV++w2FKtkJMx1nQyz4GnYLklBuBQk9ULsdS9T3b7g18B2ZxOkfhEskhdm+uzCPC/g7OxYoKudF1aRnxbAbkefoqSuQJO3/mvnXeV/fYoFmrkd3acQUQwzKPJBLvl32iWFIPfYGzFMsV7YkuFV+iaO2jpe5M1F3oHk40YLvOWo4Bmi8d1JACLo9kjnDbd9moyKRmEIQ==",
            "tags": {
              "Env": "dev",
              "Project": "demo"
            },
            "tags_all": {
              "Env": "dev",
              "Project": "demo"
            }
          },
          "sensitive_attributes": [],
          "identity_schema_version": 0,
          "private": "eyJzY2hlbWFfdmVyc2lvbiI6IjEifQ==",
          "dependencies": [
            "tls_private_key.ssh_key"
          ]
        }
      ]
    },
    {
      "mode": "managed",
      "type": "aws_nat_gateway",
      "name": "nat",
      "provider": "provider[\"registry.terraform.io/hashicorp/aws\"]",
      "instances": [
        {
          "schema_version": 0,
          "attributes": {
            "allocation_id": "eipalloc-097bc0667f0f04fd8",
            "association_id": "eipassoc-007c1d3fadd39fd61",
            "connectivity_type": "public",
            "id": "nat-0941776cdf4bc9096",
            "network_interface_id": "eni-0c63107a275a6c524",
            "private_ip": "10.0.71.91",
            "public_ip": "3.1.252.95",
            "secondary_allocation_ids": null,
            "secondary_private_ip_address_count": 0,
            "secondary_private_ip_addresses": [],
            "subnet_id": "subnet-020bd4f8e4308d421",
            "tags": {
              "Name": "development-nat"
            },
            "tags_all": {
              "Name": "development-nat"
            },
            "timeouts": null
          },
          "sensitive_attributes": [],
          "identity_schema_version": 0,
          "private": "eyJlMmJmYjczMC1lY2FhLTExZTYtOGY4OC0zNDM2M2JjN2M0YzAiOnsiY3JlYXRlIjo2MDAwMDAwMDAwMDAsImRlbGV0ZSI6MTgwMDAwMDAwMDAwMCwidXBkYXRlIjo2MDAwMDAwMDAwMDB9fQ==",
          "dependencies": [
            "aws_eip.nat",
            "aws_internet_gateway.igw",
            "aws_subnet.public_zone1",
            "aws_vpc.main"
          ]
        }
      ]
    },
    {
      "mode": "managed",
      "type": "aws_route_table",
      "name": "private",
      "provider": "provider[\"registry.terraform.io/hashicorp/aws\"]",
      "instances": [
        {
          "schema_version": 0,
          "attributes": {
            "arn": "arn:aws:ec2:ap-southeast-1:058264177367:route-table/rtb-06b3e217e1084333b",
            "id": "rtb-06b3e217e1084333b",
            "owner_id": "058264177367",
            "propagating_vgws": [],
            "route": [
              {
                "carrier_gateway_id": "",
                "cidr_block": "0.0.0.0/0",
                "core_network_arn": "",
                "destination_prefix_list_id": "",
                "egress_only_gateway_id": "",
                "gateway_id": "",
                "ipv6_cidr_block": "",
                "local_gateway_id": "",
                "nat_gateway_id": "nat-0941776cdf4bc9096",
                "network_interface_id": "",
                "transit_gateway_id": "",
                "vpc_endpoint_id": "",
                "vpc_peering_connection_id": ""
              }
            ],
            "tags": {
              "Name": "development-private"
            },
            "tags_all": {
              "Name": "development-private"
            },
            "timeouts": null,
            "vpc_id": "vpc-0e617fd8dbcc4efb6"
          },
          "sensitive_attributes": [],
          "identity_schema_version": 0,
          "private": "eyJlMmJmYjczMC1lY2FhLTExZTYtOGY4OC0zNDM2M2JjN2M0YzAiOnsiY3JlYXRlIjozMDAwMDAwMDAwMDAsImRlbGV0ZSI6MzAwMDAwMDAwMDAwLCJ1cGRhdGUiOjEyMDAwMDAwMDAwMH19",
          "dependencies": [
            "aws_eip.nat",
            "aws_internet_gateway.igw",
            "aws_nat_gateway.nat",
            "aws_subnet.public_zone1",
            "aws_vpc.main"
          ]
        }
      ]
    },
    {
      "mode": "managed",
      "type": "aws_route_table",
      "name": "public",
      "provider": "provider[\"registry.terraform.io/hashicorp/aws\"]",
      "instances": [
        {
          "schema_version": 0,
          "attributes": {
            "arn": "arn:aws:ec2:ap-southeast-1:058264177367:route-table/rtb-0ff6dc0797880fb0e",
            "id": "rtb-0ff6dc0797880fb0e",
            "owner_id": "058264177367",
            "propagating_vgws": [],
            "route": [
              {
                "carrier_gateway_id": "",
                "cidr_block": "0.0.0.0/0",
                "core_network_arn": "",
                "destination_prefix_list_id": "",
                "egress_only_gateway_id": "",
                "gateway_id": "igw-0536fcbcb32e29524",
                "ipv6_cidr_block": "",
                "local_gateway_id": "",
                "nat_gateway_id": "",
                "network_interface_id": "",
                "transit_gateway_id": "",
                "vpc_endpoint_id": "",
                "vpc_peering_connection_id": ""
              }
            ],
            "tags": {
              "Name": "development-public"
            },
            "tags_all": {
              "Name": "development-public"
            },
            "timeouts": null,
            "vpc_id": "vpc-0e617fd8dbcc4efb6"
          },
          "sensitive_attributes": [],
          "identity_schema_version": 0,
          "private": "eyJlMmJmYjczMC1lY2FhLTExZTYtOGY4OC0zNDM2M2JjN2M0YzAiOnsiY3JlYXRlIjozMDAwMDAwMDAwMDAsImRlbGV0ZSI6MzAwMDAwMDAwMDAwLCJ1cGRhdGUiOjEyMDAwMDAwMDAwMH19",
          "dependencies": [
            "aws_internet_gateway.igw",
            "aws_vpc.main"
          ]
        }
      ]
    },
    {
      "mode": "managed",
      "type": "aws_route_table_association",
      "name": "private_zone1",
      "provider": "provider[\"registry.terraform.io/hashicorp/aws\"]",
      "instances": [
        {
          "schema_version": 0,
          "attributes": {
            "gateway_id": "",
            "id": "rtbassoc-01b399bbec37c68a7",
            "route_table_id": "rtb-06b3e217e1084333b",
            "subnet_id": "subnet-05a6c73c9a9b2e860",
            "timeouts": null
          },
          "sensitive_attributes": [],
          "identity_schema_version": 0,
          "private": "eyJlMmJmYjczMC1lY2FhLTExZTYtOGY4OC0zNDM2M2JjN2M0YzAiOnsiY3JlYXRlIjozMDAwMDAwMDAwMDAsImRlbGV0ZSI6MzAwMDAwMDAwMDAwLCJ1cGRhdGUiOjEyMDAwMDAwMDAwMH19",
          "dependencies": [
            "aws_eip.nat",
            "aws_internet_gateway.igw",
            "aws_nat_gateway.nat",
            "aws_route_table.private",
            "aws_subnet.private_zone1",
            "aws_subnet.public_zone1",
            "aws_vpc.main"
          ]
        }
      ]
    },
    {
      "mode": "managed",
      "type": "aws_route_table_association",
      "name": "private_zone2",
      "provider": "provider[\"registry.terraform.io/hashicorp/aws\"]",
      "instances": [
        {
          "schema_version": 0,
          "attributes": {
            "gateway_id": "",
            "id": "rtbassoc-0ee06ad143332bfb4",
            "route_table_id": "rtb-06b3e217e1084333b",
            "subnet_id": "subnet-0071513ae64250eb3",
            "timeouts": null
          },
          "sensitive_attributes": [],
          "identity_schema_version": 0,
          "private": "eyJlMmJmYjczMC1lY2FhLTExZTYtOGY4OC0zNDM2M2JjN2M0YzAiOnsiY3JlYXRlIjozMDAwMDAwMDAwMDAsImRlbGV0ZSI6MzAwMDAwMDAwMDAwLCJ1cGRhdGUiOjEyMDAwMDAwMDAwMH19",
          "dependencies": [
            "aws_eip.nat",
            "aws_internet_gateway.igw",
            "aws_nat_gateway.nat",
            "aws_route_table.private",
            "aws_subnet.private_zone2",
            "aws_subnet.public_zone1",
            "aws_vpc.main"
          ]
        }
      ]
    },
    {
      "mode": "managed",
      "type": "aws_route_table_association",
      "name": "public_zone1",
      "provider": "provider[\"registry.terraform.io/hashicorp/aws\"]",
      "instances": [
        {
          "schema_version": 0,
          "attributes": {
            "gateway_id": "",
            "id": "rtbassoc-07f521cb9ace413c0",
            "route_table_id": "rtb-0ff6dc0797880fb0e",
            "subnet_id": "subnet-020bd4f8e4308d421",
            "timeouts": null
          },
          "sensitive_attributes": [],
          "identity_schema_version": 0,
          "private": "eyJlMmJmYjczMC1lY2FhLTExZTYtOGY4OC0zNDM2M2JjN2M0YzAiOnsiY3JlYXRlIjozMDAwMDAwMDAwMDAsImRlbGV0ZSI6MzAwMDAwMDAwMDAwLCJ1cGRhdGUiOjEyMDAwMDAwMDAwMH19",
          "dependencies": [
            "aws_internet_gateway.igw",
            "aws_route_table.public",
            "aws_subnet.public_zone1",
            "aws_vpc.main"
          ]
        }
      ]
    },
    {
      "mode": "managed",
      "type": "aws_route_table_association",
      "name": "public_zone2",
      "provider": "provider[\"registry.terraform.io/hashicorp/aws\"]",
      "instances": [
        {
          "schema_version": 0,
          "attributes": {
            "gateway_id": "",
            "id": "rtbassoc-0becb87956581c193",
            "route_table_id": "rtb-0ff6dc0797880fb0e",
            "subnet_id": "subnet-0d56f9ab4bc3fbe9f",
            "timeouts": null
          },
          "sensitive_attributes": [],
          "identity_schema_version": 0,
          "private": "eyJlMmJmYjczMC1lY2FhLTExZTYtOGY4OC0zNDM2M2JjN2M0YzAiOnsiY3JlYXRlIjozMDAwMDAwMDAwMDAsImRlbGV0ZSI6MzAwMDAwMDAwMDAwLCJ1cGRhdGUiOjEyMDAwMDAwMDAwMH19",
          "dependencies": [
            "aws_internet_gateway.igw",
            "aws_route_table.public",
            "aws_subnet.public_zone2",
            "aws_vpc.main"
          ]
        }
      ]
    },
    {
      "mode": "managed",
      "type": "aws_security_group",
      "name": "allow_ssh_http",
      "provider": "provider[\"registry.terraform.io/hashicorp/aws\"]",
      "instances": [
        {
          "schema_version": 1,
          "attributes": {
            "arn": "arn:aws:ec2:ap-southeast-1:058264177367:security-group/sg-0db2889d6c7980d53",
            "description": "Allow SSH and HTTP traffic",
            "egress": [
              {
                "cidr_blocks": [
                  "0.0.0.0/0"
                ],
                "description": "",
                "from_port": 0,
                "ipv6_cidr_blocks": [],
                "prefix_list_ids": [],
                "protocol": "-1",
                "security_groups": [],
                "self": false,
                "to_port": 0
              }
            ],
            "id": "sg-0db2889d6c7980d53",
            "ingress": [
              {
                "cidr_blocks": [
                  "0.0.0.0/0"
                ],
                "description": "",
                "from_port": 22,
                "ipv6_cidr_blocks": [],
                "prefix_list_ids": [],
                "protocol": "tcp",
                "security_groups": [],
                "self": false,
                "to_port": 22
              },
              {
                "cidr_blocks": [
                  "0.0.0.0/0"
                ],
                "description": "",
                "from_port": 443,
                "ipv6_cidr_blocks": [],
                "prefix_list_ids": [],
                "protocol": "tcp",
                "security_groups": [],
                "self": false,
                "to_port": 443
              },
              {
                "cidr_blocks": [
                  "0.0.0.0/0"
                ],
                "description": "",
                "from_port": 80,
                "ipv6_cidr_blocks": [],
                "prefix_list_ids": [],
                "protocol": "tcp",
                "security_groups": [],
                "self": false,
                "to_port": 80
              },
              {
                "cidr_blocks": [
                  "0.0.0.0/0"
                ],
                "description": "",
                "from_port": 9000,
                "ipv6_cidr_blocks": [],
                "prefix_list_ids": [],
                "protocol": "tcp",
                "security_groups": [],
                "self": false,
                "to_port": 9000
              }
            ],
            "name": "allow_ssh_http",
            "name_prefix": "",
            "owner_id": "058264177367",
            "revoke_rules_on_delete": false,
            "tags": {
              "Env": "dev",
              "Project": "demo"
            },
            "tags_all": {
              "Env": "dev",
              "Project": "demo"
            },
            "timeouts": null,
            "vpc_id": "vpc-0e617fd8dbcc4efb6"
          },
          "sensitive_attributes": [],
          "identity_schema_version": 0,
          "private": "eyJlMmJmYjczMC1lY2FhLTExZTYtOGY4OC0zNDM2M2JjN2M0YzAiOnsiY3JlYXRlIjo2MDAwMDAwMDAwMDAsImRlbGV0ZSI6OTAwMDAwMDAwMDAwfSwic2NoZW1hX3ZlcnNpb24iOiIxIn0=",
          "dependencies": [
            "aws_vpc.main"
          ]
        }
      ]
    },
    {
      "mode": "managed",
      "type": "aws_subnet",
      "name": "private_zone1",
      "provider": "provider[\"registry.terraform.io/hashicorp/aws\"]",
      "instances": [
        {
          "schema_version": 1,
          "attributes": {
            "arn": "arn:aws:ec2:ap-southeast-1:058264177367:subnet/subnet-05a6c73c9a9b2e860",
            "assign_ipv6_address_on_creation": false,
            "availability_zone": "ap-southeast-1a",
            "availability_zone_id": "apse1-az1",
            "cidr_block": "10.0.0.0/19",
            "customer_owned_ipv4_pool": "",
            "enable_dns64": false,
            "enable_lni_at_device_index": 0,
            "enable_resource_name_dns_a_record_on_launch": false,
            "enable_resource_name_dns_aaaa_record_on_launch": false,
            "id": "subnet-05a6c73c9a9b2e860",
            "ipv6_cidr_block": "",
            "ipv6_cidr_block_association_id": "",
            "ipv6_native": false,
            "map_customer_owned_ip_on_launch": false,
            "map_public_ip_on_launch": false,
            "outpost_arn": "",
            "owner_id": "058264177367",
            "private_dns_hostname_type_on_launch": "ip-name",
            "tags": {
              "Name": "development-private-ap-southeast-1a",
              "kubernetes.io/cluster/development-demo": "owned",
              "kubernetes.io/role/internal-elb": "1"
            },
            "tags_all": {
              "Name": "development-private-ap-southeast-1a",
              "kubernetes.io/cluster/development-demo": "owned",
              "kubernetes.io/role/internal-elb": "1"
            },
            "timeouts": null,
            "vpc_id": "vpc-0e617fd8dbcc4efb6"
          },
          "sensitive_attributes": [],
          "identity_schema_version": 0,
          "private": "eyJlMmJmYjczMC1lY2FhLTExZTYtOGY4OC0zNDM2M2JjN2M0YzAiOnsiY3JlYXRlIjo2MDAwMDAwMDAwMDAsImRlbGV0ZSI6MTIwMDAwMDAwMDAwMH0sInNjaGVtYV92ZXJzaW9uIjoiMSJ9",
          "dependencies": [
            "aws_vpc.main"
          ]
        }
      ]
    },
    {
      "mode": "managed",
      "type": "aws_subnet",
      "name": "private_zone2",
      "provider": "provider[\"registry.terraform.io/hashicorp/aws\"]",
      "instances": [
        {
          "schema_version": 1,
          "attributes": {
            "arn": "arn:aws:ec2:ap-southeast-1:058264177367:subnet/subnet-0071513ae64250eb3",
            "assign_ipv6_address_on_creation": false,
            "availability_zone": "ap-southeast-1b",
            "availability_zone_id": "apse1-az2",
            "cidr_block": "10.0.32.0/19",
            "customer_owned_ipv4_pool": "",
            "enable_dns64": false,
            "enable_lni_at_device_index": 0,
            "enable_resource_name_dns_a_record_on_launch": false,
            "enable_resource_name_dns_aaaa_record_on_launch": false,
            "id": "subnet-0071513ae64250eb3",
            "ipv6_cidr_block": "",
            "ipv6_cidr_block_association_id": "",
            "ipv6_native": false,
            "map_customer_owned_ip_on_launch": false,
            "map_public_ip_on_launch": false,
            "outpost_arn": "",
            "owner_id": "058264177367",
            "private_dns_hostname_type_on_launch": "ip-name",
            "tags": {
              "Name": "development-private-ap-southeast-1b",
              "kubernetes.io/cluster/development-demo": "owned",
              "kubernetes.io/role/internal-elb": "1"
            },
            "tags_all": {
              "Name": "development-private-ap-southeast-1b",
              "kubernetes.io/cluster/development-demo": "owned",
              "kubernetes.io/role/internal-elb": "1"
            },
            "timeouts": null,
            "vpc_id": "vpc-0e617fd8dbcc4efb6"
          },
          "sensitive_attributes": [],
          "identity_schema_version": 0,
          "private": "eyJlMmJmYjczMC1lY2FhLTExZTYtOGY4OC0zNDM2M2JjN2M0YzAiOnsiY3JlYXRlIjo2MDAwMDAwMDAwMDAsImRlbGV0ZSI6MTIwMDAwMDAwMDAwMH0sInNjaGVtYV92ZXJzaW9uIjoiMSJ9",
          "dependencies": [
            "aws_vpc.main"
          ]
        }
      ]
    },
    {
      "mode": "managed",
      "type": "aws_subnet",
      "name": "public_zone1",
      "provider": "provider[\"registry.terraform.io/hashicorp/aws\"]",
      "instances": [
        {
          "schema_version": 1,
          "attributes": {
            "arn": "arn:aws:ec2:ap-southeast-1:058264177367:subnet/subnet-020bd4f8e4308d421",
            "assign_ipv6_address_on_creation": false,
            "availability_zone": "ap-southeast-1a",
            "availability_zone_id": "apse1-az1",
            "cidr_block": "10.0.64.0/19",
            "customer_owned_ipv4_pool": "",
            "enable_dns64": false,
            "enable_lni_at_device_index": 0,
            "enable_resource_name_dns_a_record_on_launch": false,
            "enable_resource_name_dns_aaaa_record_on_launch": false,
            "id": "subnet-020bd4f8e4308d421",
            "ipv6_cidr_block": "",
            "ipv6_cidr_block_association_id": "",
            "ipv6_native": false,
            "map_customer_owned_ip_on_launch": false,
            "map_public_ip_on_launch": true,
            "outpost_arn": "",
            "owner_id": "058264177367",
            "private_dns_hostname_type_on_launch": "ip-name",
            "tags": {
              "Name": "development-public-ap-southeast-1a",
              "kubernetes.io/cluster/development-demo": "owned",
              "kubernetes.io/role/elb": "1"
            },
            "tags_all": {
              "Name": "development-public-ap-southeast-1a",
              "kubernetes.io/cluster/development-demo": "owned",
              "kubernetes.io/role/elb": "1"
            },
            "timeouts": null,
            "vpc_id": "vpc-0e617fd8dbcc4efb6"
          },
          "sensitive_attributes": [],
          "identity_schema_version": 0,
          "private": "eyJlMmJmYjczMC1lY2FhLTExZTYtOGY4OC0zNDM2M2JjN2M0YzAiOnsiY3JlYXRlIjo2MDAwMDAwMDAwMDAsImRlbGV0ZSI6MTIwMDAwMDAwMDAwMH0sInNjaGVtYV92ZXJzaW9uIjoiMSJ9",
          "dependencies": [
            "aws_vpc.main"
          ]
        }
      ]
    },
    {
      "mode": "managed",
      "type": "aws_subnet",
      "name": "public_zone2",
      "provider": "provider[\"registry.terraform.io/hashicorp/aws\"]",
      "instances": [
        {
          "schema_version": 1,
          "attributes": {
            "arn": "arn:aws:ec2:ap-southeast-1:058264177367:subnet/subnet-0d56f9ab4bc3fbe9f",
            "assign_ipv6_address_on_creation": false,
            "availability_zone": "ap-southeast-1b",
            "availability_zone_id": "apse1-az2",
            "cidr_block": "10.0.96.0/19",
            "customer_owned_ipv4_pool": "",
            "enable_dns64": false,
            "enable_lni_at_device_index": 0,
            "enable_resource_name_dns_a_record_on_launch": false,
            "enable_resource_name_dns_aaaa_record_on_launch": false,
            "id": "subnet-0d56f9ab4bc3fbe9f",
            "ipv6_cidr_block": "",
            "ipv6_cidr_block_association_id": "",
            "ipv6_native": false,
            "map_customer_owned_ip_on_launch": false,
            "map_public_ip_on_launch": true,
            "outpost_arn": "",
            "owner_id": "058264177367",
            "private_dns_hostname_type_on_launch": "ip-name",
            "tags": {
              "Name": "development-public-ap-southeast-1b",
              "kubernetes.io/cluster/development-demo": "owned",
              "kubernetes.io/role/elb": "1"
            },
            "tags_all": {
              "Name": "development-public-ap-southeast-1b",
              "kubernetes.io/cluster/development-demo": "owned",
              "kubernetes.io/role/elb": "1"
            },
            "timeouts": null,
            "vpc_id": "vpc-0e617fd8dbcc4efb6"
          },
          "sensitive_attributes": [],
          "identity_schema_version": 0,
          "private": "eyJlMmJmYjczMC1lY2FhLTExZTYtOGY4OC0zNDM2M2JjN2M0YzAiOnsiY3JlYXRlIjo2MDAwMDAwMDAwMDAsImRlbGV0ZSI6MTIwMDAwMDAwMDAwMH0sInNjaGVtYV92ZXJzaW9uIjoiMSJ9",
          "dependencies": [
            "aws_vpc.main"
          ]
        }
      ]
    },
    {
      "mode": "managed",
      "type": "aws_vpc",
      "name": "main",
      "provider": "provider[\"registry.terraform.io/hashicorp/aws\"]",
      "instances": [
        {
          "schema_version": 1,
          "attributes": {
            "arn": "arn:aws:ec2:ap-southeast-1:058264177367:vpc/vpc-0e617fd8dbcc4efb6",
            "assign_generated_ipv6_cidr_block": false,
            "cidr_block": "10.0.0.0/16",
            "default_network_acl_id": "acl-08bbc42c2bf8df67c",
            "default_route_table_id": "rtb-0b0b152d01cd126ba",
            "default_security_group_id": "sg-08c0bfb9d931effc5",
            "dhcp_options_id": "dopt-0ca5becf0011881bc",
            "enable_dns_hostnames": true,
            "enable_dns_support": true,
            "enable_network_address_usage_metrics": false,
            "id": "vpc-0e617fd8dbcc4efb6",
            "instance_tenancy": "default",
            "ipv4_ipam_pool_id": null,
            "ipv4_netmask_length": null,
            "ipv6_association_id": "",
            "ipv6_cidr_block": "",
            "ipv6_cidr_block_network_border_group": "",
            "ipv6_ipam_pool_id": "",
            "ipv6_netmask_length": 0,
            "main_route_table_id": "rtb-0b0b152d01cd126ba",
            "owner_id": "058264177367",
            "tags": {
              "Name": "development-main"
            },
            "tags_all": {
              "Name": "development-main"
            }
          },
          "sensitive_attributes": [],
          "identity_schema_version": 0,
          "private": "eyJzY2hlbWFfdmVyc2lvbiI6IjEifQ=="
        }
      ]
    },
    {
      "mode": "managed",
      "type": "local_file",
      "name": "ansible_inventory",
      "provider": "provider[\"registry.terraform.io/hashicorp/local\"]",
      "instances": [
        {
          "schema_version": 0,
          "attributes": {
            "content": "[ubuntu_servers]\r\nubuntu_server ansible_host=3.0.58.131 ansible_user=ubuntu ansible_ssh_private_key_file=./my-key-pair.pem\r\n",
            "content_base64": null,
            "content_base64sha256": "X066j4+xr1tXjrn57a/6o+kS4Pxs/HRo2sE50K3JYNI=",
            "content_base64sha512": "GKExHaE7cgetic9XFDdS7KW0F5PJPaVkf9LQj46uDEE/u5YAy5Sg+PKm0EEvWj1lxLHhAXGvNN/IxvyYfiJDLg==",
            "content_md5": "a581abccb010d1c8f4ba95ca2d1cdbc7",
            "content_sha1": "a5cf237f7f51ac4f788eb8e852d5700f86c15247",
            "content_sha256": "5f4eba8f8fb1af5b578eb9f9edaffaa3e912e0fc6cfc7468dac139d0adc960d2",
            "content_sha512": "18a1311da13b7207ad89cf57143752eca5b41793c93da5647fd2d08f8eae0c413fbb9600cb94a0f8f2a6d0412f5a3d65c4b1e10171af34dfc8c6fc987e22432e",
            "directory_permission": "0777",
            "file_permission": "0777",
            "filename": "./ansible/inventory.ini",
            "id": "a5cf237f7f51ac4f788eb8e852d5700f86c15247",
            "sensitive_content": null,
            "source": null
          },
          "sensitive_attributes": [
            [
              {
                "type": "get_attr",
                "value": "sensitive_content"
              }
            ]
          ],
          "identity_schema_version": 0,
          "dependencies": [
            "aws_instance.web",
            "aws_key_pair.generated_key",
            "aws_security_group.allow_ssh_http",
            "aws_subnet.public_zone1",
            "aws_vpc.main",
            "data.aws_ami.ubuntu",
            "tls_private_key.ssh_key"
          ]
        }
      ]
    },
    {
      "mode": "managed",
      "type": "local_file",
      "name": "private_key",
      "provider": "provider[\"registry.terraform.io/hashicorp/local\"]",
      "instances": [
        {
          "schema_version": 0,
          "attributes": {
            "content": "-----BEGIN RSA PRIVATE KEY-----\nMIIJKAIBAAKCAgEAwStVRo7tK9F8YQSXaOj4sDWdmYfJ3NLfzfm6qNf7QUrEigFz\njyu+51eHrd+8BRILbYNgsVJrwt+j69VLlYx7O872WbBXpaWH7Wn4RsKjPOdZhoLD\nWhRc/P+hIHma8IQ4Oy17078/QtREMcqKyFPmDdsAFYvB8Wv24kXlWDPfvIwDSpj9\nkhD07LBZ6HKvFsYolkmf8t5mDpFEIYYv19sBU/TfczYwni/1GOrREo/zx0FJEekO\n6Wa9zS4DMk7s3o89kgkLbFBbyBzEdVqwHSHhVBmHq29aXWHxYwwh1OwhPIgY2gF4\ncyawDnZ0mIsLYeBpr8xuuWdwh3MJlcX9g+LAXV8emobShMiWngAzN++ayy2eWCbp\n0vSF/iyhqj7vCVVQq98b1AsmsMaOl64kKurk8B8P8abhw7a2kIh1SWrcgr4Y2nuu\ntd98I4vZOQR+JJgsGfiufgnzAIl9Y1jsyJ7xkY9jbUljQTfDtInpDVfvsNhSrZCT\nMdZ0Ms+Bp2C5JQbgUJPVC7HUvU92+4NfAdmcTpH4RLJIXZvrswjwv4OzsWKCrnRd\nWkZ8WwG5Hn6KkrkCTt/5r513lf32KBZq5Hd2nEFEMMyjyQS75d9olhSD32BsxTLF\ne2JLhVfomjto6XuTNRd6B5ONGC7zlqOAZovHdSQAi6PZI5w23fZqMikZhCECAwEA\nAQKCAgBLnoKWCgqXfj0CH9GD/LuqA3ssKKeh3h1F3W6wfUh7MWFKIzJRSE9F8hKH\nww+wLnWxy9303K6ZzYG2pzudEi8F5Um0J5/QFUJmcvcCAFz10R1PVm5SG6mhUxMJ\nCwHYCPKYXABfDr2dlEoT8dWtgYaMQwC/7oOgVmMCBlm3UytRfMAnGkgdv6yZ4Zl4\nsTiQokcuOik24tAyALUaqJSfHDljW/eDeyHCM0TwGbB540eL56dKryEqxpEjutD+\nhz4cDBgOzKKfpr+fUX+o7zUFWoeCrDHbr05BQz/DRfMSjtOeBiswYKX98hW2u7F+\nK+RrTvYgn1dzFibLp4GHk8fgMsqZs/FAhBNGN+nxVj2QUR6lq94FdbnFTvz2YH1/\nFeoP0KuVSs0FncKjYbhQtydv7JSSbz/2QvtOyLKdqTypJAQA67dtRABw9ZMSppwB\n6Tim3RtpUa9W4Fehpx5aoMJVckZdK1Xem7GerZ4ftd90HHyMRXQmdpucv+sYtRLL\nSbYS3ESWKz7pF+KDSAnCs9clN/dvZxHPx6+neKpgOgn7ZBQ6YN3bCktKU5p2vRDP\nWh7mpBi0El0v6ElJSp/EcqSh79FUHm8WNFzKUbL8EvQZPcSQAa/QfOOE6jQi2o6W\ntHoydW9Vmb0mP55onbf6RDS6tGLyKSxiqCpjbGTHUCYURCwZVwKCAQEA8/YdAIBD\n8b4KuqYvzU9vshm5B2IT3r1rw8snbc7pjzQRCzPZSXROWrkp+O1CVbbvD10hwIzo\nampVDvNzcIX6iIOxDvqjw4EP17ZS/kayLFBjD/3PohzRUMsClMEnbZWpIglINLfV\nUNzZL6R04vdTmACKxQNsRKJdByFHNfdUezYyEc1WL7ppFlOx3J2GQ+/O8XxUqb3s\nTcK+lAW2TNh0wx6tOHI4KQihRgFfb5nrdWL0a0e4+TBY4Rs5xV4jM3ABpC9eyybx\nommceUJXgaLa0ojWrU365YRTEvLFyVyDuSGJuyUdDDHhJ0tVU8zf9AF3qeSaGTKu\ntaKo43vLtJYkywKCAQEAyrOURu+RvKqIV/JvtSQweb/9ViEsZ87Vrd1TUh1HKoj4\nYY+Y0jVeey73D3ZZpwVkXOHXDL9bq3ABlOUDFpw7SfM1Rk8/7MC56VgpsLdg9ipo\n3LgzCUgVI/i+M90ZDUd1MzFdI3mpIHlUvU59Pxr4vn+CJVdZumSrpboAsu2iSE5b\n1i6Pt5nOU/WTC9fZQq1eMwY4JuurlK26Z0aNpD44/poVYP6rcYHFitklDYzv21cR\ngNnqA6ytkyXteCY1foa8n0tiukHT1PW5gvcW90iEAqyI+r4Ta/BpU/z/KEEfszqk\nsHycNfnmCgqIPucZjt8GgFCzanCJo07JJ1VF5fBJQwKCAQBUDN/zEz3VZKcnpSfk\n8VBHKQuRWp4D6HjfTPe5okbfeo3AsU1UPEjegtrOE1f+VfdI8Mo3H5TXTOkfLIsC\nInatX8m5omqXabi+ledECbFLCSsIEGbfsFQBJOAvxdhCrgRGYLJKz2cj4+LDwkIv\nDAz12oH03HgJsXKhiTqSgjLN/F8FuRvPd8bK1Wz62B6w+0bt9erpTDDEnaqxLsKe\n+RhJPSFqyBdHM9z0VHa/6WSw3bXd3CkDWT/V1l5x/DvedeFq4pMjJLitPvuU32Fs\nnWIMlO55aNtfBdblOVUhSclsF/zuyBuY3vp2YkL0iypBU9wZYVQiCE8e7vqG3VjS\nT8Q/AoIBAHN6Swb+hLBPFs3DuBAiRduWnOTskTeyhdk/NbCaLWj2D0rFW/KlpOXY\no7eTXQ/h6oNfxfvlKHxKmxwQO+otpzlB7R/ZFjnysfdV2qpqTjrvfj4AUlL/Vcvg\ncbtqQlNmWkaH4N/M96Ugej4+8Ot6missySAs21ls8LzBcpR8/O7kdT1X2Vhnrzv1\ns4gTuBpcWkYHTQYfTOiu8HrVnuvq5t1lOri/XTyVCc1IV+uYVy1GNRqLCt59CYXD\nHb5NRjyG1f6KG/ywc9XnB4Cs89B853f+gysWDkp39Al9IH/2WfDpf9lrpDK742nl\nBimPzuet9y4yy4PgCQmYYNCfq+qLMbECggEBAM8DMlxs/TjEhlcGDzaEyoFj2G4X\nsVclv+YPRRNplaqhbm8YD7iw7g71oQEQ2jqklls3erHw7MQrQ+JuoFCRvET1KtQS\nTO/1XcloE3Wp4asmGTZ8v+IIGYMcHyleYrtJr+iz1/ZzV3WqUWoLtfVoIqJ+wroo\n63jcRyqxbofI4LVtvPNOS+Zr1r85+L+VwFQu81N3ryM2uwP42g3bu+p7OYlhjWE2\ndqI6gqcUObg8XtOcag7H42mZrFqh81C9GWA5KnovVXLMK5n5oj5NCTBZ3sO1SN3R\nhM78neHxiNZVARtw8CXd4f4abZnxZeY0yxaLNJW4xlzEIFAhB8+iZvmC5K8=\n-----END RSA PRIVATE KEY-----\n",
            "content_base64": null,
            "content_base64sha256": "TT11Uhk8fcUhmX/LMqluq4rseIt3WPW4cvOf1isHMQk=",
            "content_base64sha512": "SSq9q7LKUPwb9f1yOvNM3DjSl2t2nUJe1wMntihXUntB9tuV4hd+tALg1HdrV/0gfWZsAXynzs+5ixE92WQgVg==",
            "content_md5": "838d536c643019c04b7db47326610186",
            "content_sha1": "45df70a91b98088211fb107dd8a95ba3126db615",
            "content_sha256": "4d3d7552193c7dc521997fcb32a96eab8aec788b7758f5b872f39fd62b073109",
            "content_sha512": "492abdabb2ca50fc1bf5fd723af34cdc38d2976b769d425ed70327b62857527b41f6db95e2177eb402e0d4776b57fd207d666c017ca7cecfb98b113dd9642056",
            "directory_permission": "0777",
            "file_permission": "0400",
            "filename": "C:\\Users\\eashi\\.ssh\\my-key-pair.pem",
            "id": "45df70a91b98088211fb107dd8a95ba3126db615",
            "sensitive_content": null,
            "source": null
          },
          "sensitive_attributes": [
            [
              {
                "type": "get_attr",
                "value": "content"
              }
            ],
            [
              {
                "type": "get_attr",
                "value": "sensitive_content"
              }
            ]
          ],
          "identity_schema_version": 0,
          "dependencies": [
            "tls_private_key.ssh_key"
          ]
        }
      ]
    },
    {
      "mode": "managed",
      "type": "null_resource",
      "name": "ansible_provision",
      "provider": "provider[\"registry.terraform.io/hashicorp/null\"]",
      "instances": [
        {
          "status": "tainted",
          "schema_version": 0,
          "attributes": {
            "id": "509437432",
            "triggers": {
              "instance_id": "i-0376731e83371c023",
              "public_ip": "3.0.58.131",
              "timestamp": "2025-06-05T17:24:44Z"
            }
          },
          "sensitive_attributes": [],
          "identity_schema_version": 0,
          "dependencies": [
            "aws_instance.web",
            "aws_key_pair.generated_key",
            "aws_security_group.allow_ssh_http",
            "aws_subnet.public_zone1",
            "aws_vpc.main",
            "data.aws_ami.ubuntu",
            "local_file.private_key",
            "tls_private_key.ssh_key"
          ]
        }
      ]
    },
    {
      "mode": "managed",
      "type": "tls_private_key",
      "name": "ssh_key",
      "provider": "provider[\"registry.terraform.io/hashicorp/tls\"]",
      "instances": [
        {
          "schema_version": 1,
          "attributes": {
            "algorithm": "RSA",
            "ecdsa_curve": "P224",
            "id": "9bcabeca3db8e1164dc3eb11729356add4523de5",
            "private_key_openssh": "-----BEGIN OPENSSH PRIVATE KEY-----\nb3BlbnNzaC1rZXktdjEAAAAABG5vbmUAAAAEbm9uZQAAAAAAAAABAAACFwAAAAdz\nc2gtcnNhAAAAAwEAAQAAAgEAwStVRo7tK9F8YQSXaOj4sDWdmYfJ3NLfzfm6qNf7\nQUrEigFzjyu+51eHrd+8BRILbYNgsVJrwt+j69VLlYx7O872WbBXpaWH7Wn4RsKj\nPOdZhoLDWhRc/P+hIHma8IQ4Oy17078/QtREMcqKyFPmDdsAFYvB8Wv24kXlWDPf\nvIwDSpj9khD07LBZ6HKvFsYolkmf8t5mDpFEIYYv19sBU/TfczYwni/1GOrREo/z\nx0FJEekO6Wa9zS4DMk7s3o89kgkLbFBbyBzEdVqwHSHhVBmHq29aXWHxYwwh1Owh\nPIgY2gF4cyawDnZ0mIsLYeBpr8xuuWdwh3MJlcX9g+LAXV8emobShMiWngAzN++a\nyy2eWCbp0vSF/iyhqj7vCVVQq98b1AsmsMaOl64kKurk8B8P8abhw7a2kIh1SWrc\ngr4Y2nuutd98I4vZOQR+JJgsGfiufgnzAIl9Y1jsyJ7xkY9jbUljQTfDtInpDVfv\nsNhSrZCTMdZ0Ms+Bp2C5JQbgUJPVC7HUvU92+4NfAdmcTpH4RLJIXZvrswjwv4Oz\nsWKCrnRdWkZ8WwG5Hn6KkrkCTt/5r513lf32KBZq5Hd2nEFEMMyjyQS75d9olhSD\n32BsxTLFe2JLhVfomjto6XuTNRd6B5ONGC7zlqOAZovHdSQAi6PZI5w23fZqMikZ\nhCEAAAc41rJBH9ayQR8AAAAHc3NoLXJzYQAAAgEAwStVRo7tK9F8YQSXaOj4sDWd\nmYfJ3NLfzfm6qNf7QUrEigFzjyu+51eHrd+8BRILbYNgsVJrwt+j69VLlYx7O872\nWbBXpaWH7Wn4RsKjPOdZhoLDWhRc/P+hIHma8IQ4Oy17078/QtREMcqKyFPmDdsA\nFYvB8Wv24kXlWDPfvIwDSpj9khD07LBZ6HKvFsYolkmf8t5mDpFEIYYv19sBU/Tf\nczYwni/1GOrREo/zx0FJEekO6Wa9zS4DMk7s3o89kgkLbFBbyBzEdVqwHSHhVBmH\nq29aXWHxYwwh1OwhPIgY2gF4cyawDnZ0mIsLYeBpr8xuuWdwh3MJlcX9g+LAXV8e\nmobShMiWngAzN++ayy2eWCbp0vSF/iyhqj7vCVVQq98b1AsmsMaOl64kKurk8B8P\n8abhw7a2kIh1SWrcgr4Y2nuutd98I4vZOQR+JJgsGfiufgnzAIl9Y1jsyJ7xkY9j\nbUljQTfDtInpDVfvsNhSrZCTMdZ0Ms+Bp2C5JQbgUJPVC7HUvU92+4NfAdmcTpH4\nRLJIXZvrswjwv4OzsWKCrnRdWkZ8WwG5Hn6KkrkCTt/5r513lf32KBZq5Hd2nEFE\nMMyjyQS75d9olhSD32BsxTLFe2JLhVfomjto6XuTNRd6B5ONGC7zlqOAZovHdSQA\ni6PZI5w23fZqMikZhCEAAAADAQABAAACAEuegpYKCpd+PQIf0YP8u6oDeywop6He\nHUXdbrB9SHsxYUojMlFIT0XyEofDD7AudbHL3fTcrpnNgbanO50SLwXlSbQnn9AV\nQmZy9wIAXPXRHU9WblIbqaFTEwkLAdgI8phcAF8OvZ2UShPx1a2BhoxDAL/ug6BW\nYwIGWbdTK1F8wCcaSB2/rJnhmXixOJCiRy46KTbi0DIAtRqolJ8cOWNb94N7IcIz\nRPAZsHnjR4vnp0qvISrGkSO60P6HPhwMGA7Mop+mv59Rf6jvNQVah4KsMduvTkFD\nP8NF8xKO054GKzBgpf3yFba7sX4r5GtO9iCfV3MWJsungYeTx+Ayypmz8UCEE0Y3\n6fFWPZBRHqWr3gV1ucVO/PZgfX8V6g/Qq5VKzQWdwqNhuFC3J2/slJJvP/ZC+07I\nsp2pPKkkBADrt21EAHD1kxKmnAHpOKbdG2lRr1bgV6GnHlqgwlVyRl0rVd6bsZ6t\nnh+133QcfIxFdCZ2m5y/6xi1EstJthLcRJYrPukX4oNICcKz1yU3929nEc/Hr6d4\nqmA6CftkFDpg3dsKS0pTmna9EM9aHuakGLQSXS/oSUlKn8RypKHv0VQebxY0XMpR\nsvwS9Bk9xJABr9B844TqNCLajpa0ejJ1b1WZvSY/nmidt/pENLq0YvIpLGKoKmNs\nZMdQJhRELBlXAAABAQDPAzJcbP04xIZXBg82hMqBY9huF7FXJb/mD0UTaZWqoW5v\nGA+4sO4O9aEBENo6pJZbN3qx8OzEK0PibqBQkbxE9SrUEkzv9V3JaBN1qeGrJhk2\nfL/iCBmDHB8pXmK7Sa/os9f2c1d1qlFqC7X1aCKifsK6KOt43EcqsW6HyOC1bbzz\nTkvma9a/Ofi/lcBULvNTd68jNrsD+NoN27vqezmJYY1hNnaiOoKnFDm4PF7TnGoO\nx+NpmaxaofNQvRlgOSp6L1VyzCuZ+aI+TQkwWd7DtUjd0YTO/J3h8YjWVQEbcPAl\n3eH+Gm2Z8WXmNMsWizSVuMZcxCBQIQfPomb5guSvAAABAQDz9h0AgEPxvgq6pi/N\nT2+yGbkHYhPevWvDyydtzumPNBELM9lJdE5auSn47UJVtu8PXSHAjOhqalUO83Nw\nhfqIg7EO+qPDgQ/XtlL+RrIsUGMP/c+iHNFQywKUwSdtlakiCUg0t9VQ3NkvpHTi\n91OYAIrFA2xEol0HIUc191R7NjIRzVYvumkWU7HcnYZD787xfFSpvexNwr6UBbZM\n2HTDHq04cjgpCKFGAV9vmet1YvRrR7j5MFjhGznFXiMzcAGkL17LJvGiaZx5QleB\notrSiNatTfrlhFMS8sXJXIO5IYm7JR0MMeEnS1VTzN/0AXep5JoZMq61oqjje8u0\nliTLAAABAQDKs5RG75G8qohX8m+1JDB5v/1WISxnztWt3VNSHUcqiPhhj5jSNV57\nLvcPdlmnBWRc4dcMv1urcAGU5QMWnDtJ8zVGTz/swLnpWCmwt2D2KmjcuDMJSBUj\n+L4z3RkNR3UzMV0jeakgeVS9Tn0/Gvi+f4IlV1m6ZKulugCy7aJITlvWLo+3mc5T\n9ZML19lCrV4zBjgm66uUrbpnRo2kPjj+mhVg/qtxgcWK2SUNjO/bVxGA2eoDrK2T\nJe14JjV+hryfS2K6QdPU9bmC9xb3SIQCrIj6vhNr8GlT/P8oQR+zOqSwfJw1+eYK\nCog+5xmO3waAULNqcImjTsknVUXl8ElDAAAAAAEC\n-----END OPENSSH PRIVATE KEY-----\n",
            "private_key_pem": "-----BEGIN RSA PRIVATE KEY-----\nMIIJKAIBAAKCAgEAwStVRo7tK9F8YQSXaOj4sDWdmYfJ3NLfzfm6qNf7QUrEigFz\njyu+51eHrd+8BRILbYNgsVJrwt+j69VLlYx7O872WbBXpaWH7Wn4RsKjPOdZhoLD\nWhRc/P+hIHma8IQ4Oy17078/QtREMcqKyFPmDdsAFYvB8Wv24kXlWDPfvIwDSpj9\nkhD07LBZ6HKvFsYolkmf8t5mDpFEIYYv19sBU/TfczYwni/1GOrREo/zx0FJEekO\n6Wa9zS4DMk7s3o89kgkLbFBbyBzEdVqwHSHhVBmHq29aXWHxYwwh1OwhPIgY2gF4\ncyawDnZ0mIsLYeBpr8xuuWdwh3MJlcX9g+LAXV8emobShMiWngAzN++ayy2eWCbp\n0vSF/iyhqj7vCVVQq98b1AsmsMaOl64kKurk8B8P8abhw7a2kIh1SWrcgr4Y2nuu\ntd98I4vZOQR+JJgsGfiufgnzAIl9Y1jsyJ7xkY9jbUljQTfDtInpDVfvsNhSrZCT\nMdZ0Ms+Bp2C5JQbgUJPVC7HUvU92+4NfAdmcTpH4RLJIXZvrswjwv4OzsWKCrnRd\nWkZ8WwG5Hn6KkrkCTt/5r513lf32KBZq5Hd2nEFEMMyjyQS75d9olhSD32BsxTLF\ne2JLhVfomjto6XuTNRd6B5ONGC7zlqOAZovHdSQAi6PZI5w23fZqMikZhCECAwEA\nAQKCAgBLnoKWCgqXfj0CH9GD/LuqA3ssKKeh3h1F3W6wfUh7MWFKIzJRSE9F8hKH\nww+wLnWxy9303K6ZzYG2pzudEi8F5Um0J5/QFUJmcvcCAFz10R1PVm5SG6mhUxMJ\nCwHYCPKYXABfDr2dlEoT8dWtgYaMQwC/7oOgVmMCBlm3UytRfMAnGkgdv6yZ4Zl4\nsTiQokcuOik24tAyALUaqJSfHDljW/eDeyHCM0TwGbB540eL56dKryEqxpEjutD+\nhz4cDBgOzKKfpr+fUX+o7zUFWoeCrDHbr05BQz/DRfMSjtOeBiswYKX98hW2u7F+\nK+RrTvYgn1dzFibLp4GHk8fgMsqZs/FAhBNGN+nxVj2QUR6lq94FdbnFTvz2YH1/\nFeoP0KuVSs0FncKjYbhQtydv7JSSbz/2QvtOyLKdqTypJAQA67dtRABw9ZMSppwB\n6Tim3RtpUa9W4Fehpx5aoMJVckZdK1Xem7GerZ4ftd90HHyMRXQmdpucv+sYtRLL\nSbYS3ESWKz7pF+KDSAnCs9clN/dvZxHPx6+neKpgOgn7ZBQ6YN3bCktKU5p2vRDP\nWh7mpBi0El0v6ElJSp/EcqSh79FUHm8WNFzKUbL8EvQZPcSQAa/QfOOE6jQi2o6W\ntHoydW9Vmb0mP55onbf6RDS6tGLyKSxiqCpjbGTHUCYURCwZVwKCAQEA8/YdAIBD\n8b4KuqYvzU9vshm5B2IT3r1rw8snbc7pjzQRCzPZSXROWrkp+O1CVbbvD10hwIzo\nampVDvNzcIX6iIOxDvqjw4EP17ZS/kayLFBjD/3PohzRUMsClMEnbZWpIglINLfV\nUNzZL6R04vdTmACKxQNsRKJdByFHNfdUezYyEc1WL7ppFlOx3J2GQ+/O8XxUqb3s\nTcK+lAW2TNh0wx6tOHI4KQihRgFfb5nrdWL0a0e4+TBY4Rs5xV4jM3ABpC9eyybx\nommceUJXgaLa0ojWrU365YRTEvLFyVyDuSGJuyUdDDHhJ0tVU8zf9AF3qeSaGTKu\ntaKo43vLtJYkywKCAQEAyrOURu+RvKqIV/JvtSQweb/9ViEsZ87Vrd1TUh1HKoj4\nYY+Y0jVeey73D3ZZpwVkXOHXDL9bq3ABlOUDFpw7SfM1Rk8/7MC56VgpsLdg9ipo\n3LgzCUgVI/i+M90ZDUd1MzFdI3mpIHlUvU59Pxr4vn+CJVdZumSrpboAsu2iSE5b\n1i6Pt5nOU/WTC9fZQq1eMwY4JuurlK26Z0aNpD44/poVYP6rcYHFitklDYzv21cR\ngNnqA6ytkyXteCY1foa8n0tiukHT1PW5gvcW90iEAqyI+r4Ta/BpU/z/KEEfszqk\nsHycNfnmCgqIPucZjt8GgFCzanCJo07JJ1VF5fBJQwKCAQBUDN/zEz3VZKcnpSfk\n8VBHKQuRWp4D6HjfTPe5okbfeo3AsU1UPEjegtrOE1f+VfdI8Mo3H5TXTOkfLIsC\nInatX8m5omqXabi+ledECbFLCSsIEGbfsFQBJOAvxdhCrgRGYLJKz2cj4+LDwkIv\nDAz12oH03HgJsXKhiTqSgjLN/F8FuRvPd8bK1Wz62B6w+0bt9erpTDDEnaqxLsKe\n+RhJPSFqyBdHM9z0VHa/6WSw3bXd3CkDWT/V1l5x/DvedeFq4pMjJLitPvuU32Fs\nnWIMlO55aNtfBdblOVUhSclsF/zuyBuY3vp2YkL0iypBU9wZYVQiCE8e7vqG3VjS\nT8Q/AoIBAHN6Swb+hLBPFs3DuBAiRduWnOTskTeyhdk/NbCaLWj2D0rFW/KlpOXY\no7eTXQ/h6oNfxfvlKHxKmxwQO+otpzlB7R/ZFjnysfdV2qpqTjrvfj4AUlL/Vcvg\ncbtqQlNmWkaH4N/M96Ugej4+8Ot6missySAs21ls8LzBcpR8/O7kdT1X2Vhnrzv1\ns4gTuBpcWkYHTQYfTOiu8HrVnuvq5t1lOri/XTyVCc1IV+uYVy1GNRqLCt59CYXD\nHb5NRjyG1f6KG/ywc9XnB4Cs89B853f+gysWDkp39Al9IH/2WfDpf9lrpDK742nl\nBimPzuet9y4yy4PgCQmYYNCfq+qLMbECggEBAM8DMlxs/TjEhlcGDzaEyoFj2G4X\nsVclv+YPRRNplaqhbm8YD7iw7g71oQEQ2jqklls3erHw7MQrQ+JuoFCRvET1KtQS\nTO/1XcloE3Wp4asmGTZ8v+IIGYMcHyleYrtJr+iz1/ZzV3WqUWoLtfVoIqJ+wroo\n63jcRyqxbofI4LVtvPNOS+Zr1r85+L+VwFQu81N3ryM2uwP42g3bu+p7OYlhjWE2\ndqI6gqcUObg8XtOcag7H42mZrFqh81C9GWA5KnovVXLMK5n5oj5NCTBZ3sO1SN3R\nhM78neHxiNZVARtw8CXd4f4abZnxZeY0yxaLNJW4xlzEIFAhB8+iZvmC5K8=\n-----END RSA PRIVATE KEY-----\n",
            "private_key_pem_pkcs8": "-----BEGIN PRIVATE KEY-----\nMIIJQgIBADANBgkqhkiG9w0BAQEFAASCCSwwggkoAgEAAoICAQDBK1VGju0r0Xxh\nBJdo6PiwNZ2Zh8nc0t/N+bqo1/tBSsSKAXOPK77nV4et37wFEgttg2CxUmvC36Pr\n1UuVjHs7zvZZsFelpYftafhGwqM851mGgsNaFFz8/6EgeZrwhDg7LXvTvz9C1EQx\nyorIU+YN2wAVi8Hxa/biReVYM9+8jANKmP2SEPTssFnocq8WxiiWSZ/y3mYOkUQh\nhi/X2wFT9N9zNjCeL/UY6tESj/PHQUkR6Q7pZr3NLgMyTuzejz2SCQtsUFvIHMR1\nWrAdIeFUGYerb1pdYfFjDCHU7CE8iBjaAXhzJrAOdnSYiwth4GmvzG65Z3CHcwmV\nxf2D4sBdXx6ahtKEyJaeADM375rLLZ5YJunS9IX+LKGqPu8JVVCr3xvUCyawxo6X\nriQq6uTwHw/xpuHDtraQiHVJatyCvhjae66133wji9k5BH4kmCwZ+K5+CfMAiX1j\nWOzInvGRj2NtSWNBN8O0iekNV++w2FKtkJMx1nQyz4GnYLklBuBQk9ULsdS9T3b7\ng18B2ZxOkfhEskhdm+uzCPC/g7OxYoKudF1aRnxbAbkefoqSuQJO3/mvnXeV/fYo\nFmrkd3acQUQwzKPJBLvl32iWFIPfYGzFMsV7YkuFV+iaO2jpe5M1F3oHk40YLvOW\no4Bmi8d1JACLo9kjnDbd9moyKRmEIQIDAQABAoICAEuegpYKCpd+PQIf0YP8u6oD\neywop6HeHUXdbrB9SHsxYUojMlFIT0XyEofDD7AudbHL3fTcrpnNgbanO50SLwXl\nSbQnn9AVQmZy9wIAXPXRHU9WblIbqaFTEwkLAdgI8phcAF8OvZ2UShPx1a2BhoxD\nAL/ug6BWYwIGWbdTK1F8wCcaSB2/rJnhmXixOJCiRy46KTbi0DIAtRqolJ8cOWNb\n94N7IcIzRPAZsHnjR4vnp0qvISrGkSO60P6HPhwMGA7Mop+mv59Rf6jvNQVah4Ks\nMduvTkFDP8NF8xKO054GKzBgpf3yFba7sX4r5GtO9iCfV3MWJsungYeTx+Ayypmz\n8UCEE0Y36fFWPZBRHqWr3gV1ucVO/PZgfX8V6g/Qq5VKzQWdwqNhuFC3J2/slJJv\nP/ZC+07Isp2pPKkkBADrt21EAHD1kxKmnAHpOKbdG2lRr1bgV6GnHlqgwlVyRl0r\nVd6bsZ6tnh+133QcfIxFdCZ2m5y/6xi1EstJthLcRJYrPukX4oNICcKz1yU3929n\nEc/Hr6d4qmA6CftkFDpg3dsKS0pTmna9EM9aHuakGLQSXS/oSUlKn8RypKHv0VQe\nbxY0XMpRsvwS9Bk9xJABr9B844TqNCLajpa0ejJ1b1WZvSY/nmidt/pENLq0YvIp\nLGKoKmNsZMdQJhRELBlXAoIBAQDz9h0AgEPxvgq6pi/NT2+yGbkHYhPevWvDyydt\nzumPNBELM9lJdE5auSn47UJVtu8PXSHAjOhqalUO83NwhfqIg7EO+qPDgQ/XtlL+\nRrIsUGMP/c+iHNFQywKUwSdtlakiCUg0t9VQ3NkvpHTi91OYAIrFA2xEol0HIUc1\n91R7NjIRzVYvumkWU7HcnYZD787xfFSpvexNwr6UBbZM2HTDHq04cjgpCKFGAV9v\nmet1YvRrR7j5MFjhGznFXiMzcAGkL17LJvGiaZx5QleBotrSiNatTfrlhFMS8sXJ\nXIO5IYm7JR0MMeEnS1VTzN/0AXep5JoZMq61oqjje8u0liTLAoIBAQDKs5RG75G8\nqohX8m+1JDB5v/1WISxnztWt3VNSHUcqiPhhj5jSNV57LvcPdlmnBWRc4dcMv1ur\ncAGU5QMWnDtJ8zVGTz/swLnpWCmwt2D2KmjcuDMJSBUj+L4z3RkNR3UzMV0jeakg\neVS9Tn0/Gvi+f4IlV1m6ZKulugCy7aJITlvWLo+3mc5T9ZML19lCrV4zBjgm66uU\nrbpnRo2kPjj+mhVg/qtxgcWK2SUNjO/bVxGA2eoDrK2TJe14JjV+hryfS2K6QdPU\n9bmC9xb3SIQCrIj6vhNr8GlT/P8oQR+zOqSwfJw1+eYKCog+5xmO3waAULNqcImj\nTsknVUXl8ElDAoIBAFQM3/MTPdVkpyelJ+TxUEcpC5FangPoeN9M97miRt96jcCx\nTVQ8SN6C2s4TV/5V90jwyjcflNdM6R8siwIidq1fybmiapdpuL6V50QJsUsJKwgQ\nZt+wVAEk4C/F2EKuBEZgskrPZyPj4sPCQi8MDPXagfTceAmxcqGJOpKCMs38XwW5\nG893xsrVbPrYHrD7Ru316ulMMMSdqrEuwp75GEk9IWrIF0cz3PRUdr/pZLDdtd3c\nKQNZP9XWXnH8O9514WrikyMkuK0++5TfYWydYgyU7nlo218F1uU5VSFJyWwX/O7I\nG5je+nZiQvSLKkFT3BlhVCIITx7u+obdWNJPxD8CggEAc3pLBv6EsE8WzcO4ECJF\n25ac5OyRN7KF2T81sJotaPYPSsVb8qWk5dijt5NdD+Hqg1/F++UofEqbHBA76i2n\nOUHtH9kWOfKx91XaqmpOOu9+PgBSUv9Vy+Bxu2pCU2ZaRofg38z3pSB6Pj7w63qa\nKyzJICzbWWzwvMFylHz87uR1PVfZWGevO/WziBO4GlxaRgdNBh9M6K7wetWe6+rm\n3WU6uL9dPJUJzUhX65hXLUY1GosK3n0JhcMdvk1GPIbV/oob/LBz1ecHgKzz0Hzn\nd/6DKxYOSnf0CX0gf/ZZ8Ol/2WukMrvjaeUGKY/O5633LjLLg+AJCZhg0J+r6osx\nsQKCAQEAzwMyXGz9OMSGVwYPNoTKgWPYbhexVyW/5g9FE2mVqqFubxgPuLDuDvWh\nARDaOqSWWzd6sfDsxCtD4m6gUJG8RPUq1BJM7/VdyWgTdanhqyYZNny/4ggZgxwf\nKV5iu0mv6LPX9nNXdapRagu19Wgion7CuijreNxHKrFuh8jgtW28805L5mvWvzn4\nv5XAVC7zU3evIza7A/jaDdu76ns5iWGNYTZ2ojqCpxQ5uDxe05xqDsfjaZmsWqHz\nUL0ZYDkqei9VcswrmfmiPk0JMFnew7VI3dGEzvyd4fGI1lUBG3DwJd3h/hptmfFl\n5jTLFos0lbjGXMQgUCEHz6Jm+YLkrw==\n-----END PRIVATE KEY-----\n",
            "public_key_fingerprint_md5": "4a:bc:ea:c2:20:44:bb:44:c3:d9:b1:2b:1b:46:02:9f",
            "public_key_fingerprint_sha256": "SHA256:5uICB+eIm70TVlwKgPH4bUy4+mGizphocbNGvTX8SbI",
            "public_key_openssh": "ssh-rsa AAAAB3NzaC1yc2EAAAADAQABAAACAQDBK1VGju0r0XxhBJdo6PiwNZ2Zh8nc0t/N+bqo1/tBSsSKAXOPK77nV4et37wFEgttg2CxUmvC36Pr1UuVjHs7zvZZsFelpYftafhGwqM851mGgsNaFFz8/6EgeZrwhDg7LXvTvz9C1EQxyorIU+YN2wAVi8Hxa/biReVYM9+8jANKmP2SEPTssFnocq8WxiiWSZ/y3mYOkUQhhi/X2wFT9N9zNjCeL/UY6tESj/PHQUkR6Q7pZr3NLgMyTuzejz2SCQtsUFvIHMR1WrAdIeFUGYerb1pdYfFjDCHU7CE8iBjaAXhzJrAOdnSYiwth4GmvzG65Z3CHcwmVxf2D4sBdXx6ahtKEyJaeADM375rLLZ5YJunS9IX+LKGqPu8JVVCr3xvUCyawxo6XriQq6uTwHw/xpuHDtraQiHVJatyCvhjae66133wji9k5BH4kmCwZ+K5+CfMAiX1jWOzInvGRj2NtSWNBN8O0iekNV++w2FKtkJMx1nQyz4GnYLklBuBQk9ULsdS9T3b7g18B2ZxOkfhEskhdm+uzCPC/g7OxYoKudF1aRnxbAbkefoqSuQJO3/mvnXeV/fYoFmrkd3acQUQwzKPJBLvl32iWFIPfYGzFMsV7YkuFV+iaO2jpe5M1F3oHk40YLvOWo4Bmi8d1JACLo9kjnDbd9moyKRmEIQ==\n",
            "public_key_pem": "-----BEGIN PUBLIC KEY-----\nMIICIjANBgkqhkiG9w0BAQEFAAOCAg8AMIICCgKCAgEAwStVRo7tK9F8YQSXaOj4\nsDWdmYfJ3NLfzfm6qNf7QUrEigFzjyu+51eHrd+8BRILbYNgsVJrwt+j69VLlYx7\nO872WbBXpaWH7Wn4RsKjPOdZhoLDWhRc/P+hIHma8IQ4Oy17078/QtREMcqKyFPm\nDdsAFYvB8Wv24kXlWDPfvIwDSpj9khD07LBZ6HKvFsYolkmf8t5mDpFEIYYv19sB\nU/TfczYwni/1GOrREo/zx0FJEekO6Wa9zS4DMk7s3o89kgkLbFBbyBzEdVqwHSHh\nVBmHq29aXWHxYwwh1OwhPIgY2gF4cyawDnZ0mIsLYeBpr8xuuWdwh3MJlcX9g+LA\nXV8emobShMiWngAzN++ayy2eWCbp0vSF/iyhqj7vCVVQq98b1AsmsMaOl64kKurk\n8B8P8abhw7a2kIh1SWrcgr4Y2nuutd98I4vZOQR+JJgsGfiufgnzAIl9Y1jsyJ7x\nkY9jbUljQTfDtInpDVfvsNhSrZCTMdZ0Ms+Bp2C5JQbgUJPVC7HUvU92+4NfAdmc\nTpH4RLJIXZvrswjwv4OzsWKCrnRdWkZ8WwG5Hn6KkrkCTt/5r513lf32KBZq5Hd2\nnEFEMMyjyQS75d9olhSD32BsxTLFe2JLhVfomjto6XuTNRd6B5ONGC7zlqOAZovH\ndSQAi6PZI5w23fZqMikZhCECAwEAAQ==\n-----END PUBLIC KEY-----\n",
            "rsa_bits": 4096
          },
          "sensitive_attributes": [
            [
              {
                "type": "get_attr",
                "value": "private_key_openssh"
              }
            ],
            [
              {
                "type": "get_attr",
                "value": "private_key_pem"
              }
            ],
            [
              {
                "type": "get_attr",
                "value": "private_key_pem_pkcs8"
              }
            ]
          ],
          "identity_schema_version": 0
        }
      ]
    }
  ],
  "check_results": null
}
